hash: 082be2432c000297d8d76bd1dc0f2be4e98954d0f49682603469e1b3056790f5
updated: 2016-08-27T02:25:49.982710514-04:00
imports:
- name: github.com/alecthomas/template
  version: a0175ee3bccc567396460bf5acd36800cb10c49c
  subpackages:
  - parse
- name: github.com/alecthomas/units
  version: 2efee857e7cfd4f3d0138cc3cbb1b4966962b93a
- name: github.com/davecgh/go-spew
  version: 5215b55f46b2b919f50a1df0eaa5886afe4e3b3d
  subpackages:
  - spew
- name: github.com/dgrijalva/jwt-go
  version: 01aeca54ebda6e0fbfafd0a524d234159c05ec20
- name: github.com/elazarl/go-bindata-assetfs
  version: 9a6736ed45b44bf3835afeebb3034b57ed329f3e
- name: github.com/fsnotify/fsnotify
  version: f12c6236fe7b5cf6bcf30e5935d08cb079d78334
- name: github.com/gin-gonic/contrib
  version: 547e518040cfb96576b507d2f26779ab9c6fc829
  subpackages:
  - ginrus
  - renders/multitemplate
  - static
- name: github.com/gin-gonic/gin
  version: f931d1ea80ae95a6fc739213cdd9399bd2967fb6
  subpackages:
  - binding
  - render
- name: github.com/go-kit/kit
  version: dd9236608629b98d33d4c6681dc3740400c01243
  subpackages:
  - endpoint
- name: github.com/go-sql-driver/mysql
  version: 3654d25ec346ee8ce71a68431025458d52a38ac0
- name: github.com/golang/mock
  version: bd3c8e81be01eef76d4b503f5e687d2d1354d2d9
  subpackages:
  - gomock
- name: github.com/golang/protobuf
  version: c3cefd437628a0b7d31b34fe44b3a7a540e98527
  subpackages:
  - proto
- name: github.com/hashicorp/hcl
  version: baeb59c710717b06aac1dbe2270e8192ec593244
  subpackages:
  - hcl/ast
  - hcl/parser
  - hcl/scanner
  - hcl/strconv
  - hcl/token
  - json/parser
  - json/scanner
  - json/token
- name: github.com/inconshreveable/mousetrap
  version: 76626ae9c91c4f2a10f34cad8ce83ea42c93bb75
- name: github.com/jinzhu/gorm
  version: a646b13548ec0aa812fe805b2780f460dd2771b6
  subpackages:
  - dialects/mysql
  - dialects/sqlite
- name: github.com/jinzhu/inflection
  version: 8f4d3a0d04ce0b7c0cf3126fb98524246d00d102
- name: github.com/jordan-wright/email
  version: fd703108daeb23d77c124d12978e9b6c4f28f034
- name: github.com/kr/fs
  version: 2788f0dbd16903de03cb8186e5c7d97b69ad387b
- name: github.com/magiconair/properties
  version: 61b492c03cf472e0c6419be5899b8e0dc28b1b88
- name: github.com/manucorporat/sse
  version: ee05b128a739a0fb76c7ebd3ae4810c1de808d6d
- name: github.com/mattn/go-sqlite3
  version: e118d4451349065b8e7ce0f0af32e033995363f8
- name: github.com/mitchellh/mapstructure
  version: ca63d7c062ee3c9f34db231e352b60012b4fd0c1
- name: github.com/pelletier/go-buffruneio
  version: df1e16fde7fc330a0ca68167c23bf7ed6ac31d6d
- name: github.com/pelletier/go-toml
  version: 5a62685873ef617233ab5f1b825a6e4a758e16cf
- name: github.com/pkg/errors
  version: 17b591df37844cde689f4d5813e5cea0927d8dd2
- name: github.com/pkg/sftp
  version: a71e8f580e3b622ebff585309160b1cc549ef4d2
- name: github.com/pmezard/go-difflib
  version: 792786c7400a136282c1664665ae0a8db921c6c2
  subpackages:
  - difflib
- name: github.com/Sirupsen/logrus
  version: a283a10442df8dc09befd873fab202bf8a253d6a
- name: github.com/spf13/afero
  version: 20500e2abd0d1f4564a499e83d11d6c73cd58c27
  subpackages:
  - mem
  - sftp
- name: github.com/spf13/cast
  version: e31f36ffc91a2ba9ddb72a4b6a607ff9b3d3cb63
- name: github.com/spf13/cobra
  version: 37c3f8060359192150945916cbc2d72bce804b4d
- name: github.com/spf13/jwalterweatherman
  version: 33c24e77fb80341fe7130ee7c594256ff08ccc46
- name: github.com/spf13/pflag
  version: 103ce5cd2042f2fe629c1957abb64ab3e7f50235
- name: github.com/spf13/viper
  version: 7fb2782df3d83e0036cc89f461ed0422628776f4
- name: github.com/stretchr/testify
  version: d77da356e56a7428ad25149ca77381849a6a5232
  subpackages:
  - assert
- name: golang.org/x/crypto
  version: bc89c496413265e715159bdc8478ee9a92fdc265
  subpackages:
  - bcrypt
  - blowfish
  - curve25519
  - ed25519
  - ed25519/internal/edwards25519
  - ssh
- name: golang.org/x/net
  version: 4d38db76854b199960801a1734443fd02870d7e1
  subpackages:
  - context
- name: golang.org/x/sys
  version: a646d33e2ee3172a661fc09bca23bb4889a41bc8
  subpackages:
  - unix
- name: golang.org/x/text
  version: d69c40b4be55797923cec7457fac7a244d91a9b6
  subpackages:
  - transform
  - unicode/norm
- name: gopkg.in/alecthomas/kingpin.v2
  version: e5900212cbf65b181d3d8e08308ef06a01d117cf
- name: gopkg.in/go-playground/validator.v8
  version: 5f57d2222ad794d0dffb07e664ea05e2ee07d60c
- name: gopkg.in/natefinch/lumberjack.v2
  version: 514cbda263a734ae8caac038dadf05f8f3f9f738
- name: gopkg.in/yaml.v2
  version: e4d366fc3c7938e2958e662b4258c7a89e1f0e3e
testImports: []
